
Microsoft Visual Studio Solution File, Format Version 12.00
# Visual Studio Version 17
VisualStudioVersion = 17.5.33424.131
MinimumVisualStudioVersion = 10.0.40219.1
Project("{FAE04EC0-301F-11D3-BF4B-00C04F79EFBC}") = "ds-exercicios-01", "ds-exercicios-01\ds-exercicios-01.csproj", "{A91C3F15-5D89-4257-BE36-571064CA3506}"
EndProject
Global
	GlobalSection(SolutionConfigurationPlatforms) = preSolution
		Debug|Any CPU = Debug|Any CPU
		Release|Any CPU = Release|Any CPU
	EndGlobalSection
	GlobalSection(ProjectConfigurationPlatforms) = postSolution
		{A91C3F15-5D89-4257-BE36-571064CA3506}.Debug|Any CPU.ActiveCfg = Debug|Any CPU
		{A91C3F15-5D89-4257-BE36-571064CA3506}.Debug|Any CPU.Build.0 = Debug|Any CPU
		{A91C3F15-5D89-4257-BE36-571064CA3506}.Release|Any CPU.ActiveCfg = Release|Any CPU
		{A91C3F15-5D89-4257-BE36-571064CA3506}.Release|Any CPU.Build.0 = Release|Any CPU
	EndGlobalSection
	GlobalSection(SolutionProperties) = preSolution
		HideSolutionNode = FALSE
	EndGlobalSection
	GlobalSection(ExtensibilityGlobals) = postSolution
		SolutionGuid = {078B6EBF-EA7A-4573-A3B0-0E32A7BC44C0}
	EndGlobalSection
EndGlobal
